
Microsoft Visual Studio Solution File, Format Version 12.00
# Visual Studio 14
VisualStudioVersion = 14.0.24720.0
MinimumVisualStudioVersion = 10.0.40219.1
Project("{2150E333-8FDC-42A3-9474-1A3956D46DE8}") = "Entites", "Entites", "{9C1B26DB-FB35-434A-8D31-39B1A3D416F8}"
EndProject
Project("{FAE04EC0-301F-11D3-BF4B-00C04F79EFBC}") = "[EPAM]Library.Entites", "[EPAM].Library.Entites\[EPAM]Library.Entites.csproj", "{A54A020B-1E7F-4F57-8E31-B31623855349}"
EndProject
Project("{2150E333-8FDC-42A3-9474-1A3956D46DE8}") = "Interfaces", "Interfaces", "{F6AB8CCD-D90A-4363-987D-F591BB74BED0}"
EndProject
Project("{FAE04EC0-301F-11D3-BF4B-00C04F79EFBC}") = "[EPAM]Library.Interfaces.DAL", "[EPAM]Library.Interfaces.DAL\[EPAM]Library.Interfaces.DAL.csproj", "{4CE3234B-4F0A-4FF4-AC35-0C0CC6CA88C5}"
EndProject
Project("{2150E333-8FDC-42A3-9474-1A3956D46DE8}") = "DAL", "DAL", "{F37DF100-6A05-498D-A918-732306D462CC}"
EndProject
Project("{FAE04EC0-301F-11D3-BF4B-00C04F79EFBC}") = "[EPAM]Library.DataBaseDAL", "[EPAM]Library.DataBaseDAL\[EPAM]Library.DataBaseDAL.csproj", "{2160F2D6-B752-4830-90AB-76C5DC0B0506}"
EndProject
Project("{2150E333-8FDC-42A3-9474-1A3956D46DE8}") = "BLL", "BLL", "{764478DF-3318-4D4C-AF75-4DD3ECCB2D22}"
EndProject
Project("{FAE04EC0-301F-11D3-BF4B-00C04F79EFBC}") = "[EPAM]Library.LibraryLogic", "[EPAM]Library.LibraryLogic\[EPAM]Library.LibraryLogic.csproj", "{003CA63A-1089-4D49-A4D1-33985921B087}"
EndProject
Project("{FAE04EC0-301F-11D3-BF4B-00C04F79EFBC}") = "[EPAM]Library.Interfaces.BLL", "[EPAM]Library.Interfaces.BLL\[EPAM]Library.Interfaces.BLL.csproj", "{6D0BD83E-4F59-4C8F-A233-24A97FFC8F64}"
EndProject
Global
	GlobalSection(SolutionConfigurationPlatforms) = preSolution
		Debug|Any CPU = Debug|Any CPU
		Release|Any CPU = Release|Any CPU
	EndGlobalSection
	GlobalSection(ProjectConfigurationPlatforms) = postSolution
		{A54A020B-1E7F-4F57-8E31-B31623855349}.Debug|Any CPU.ActiveCfg = Debug|Any CPU
		{A54A020B-1E7F-4F57-8E31-B31623855349}.Debug|Any CPU.Build.0 = Debug|Any CPU
		{A54A020B-1E7F-4F57-8E31-B31623855349}.Release|Any CPU.ActiveCfg = Release|Any CPU
		{A54A020B-1E7F-4F57-8E31-B31623855349}.Release|Any CPU.Build.0 = Release|Any CPU
		{4CE3234B-4F0A-4FF4-AC35-0C0CC6CA88C5}.Debug|Any CPU.ActiveCfg = Debug|Any CPU
		{4CE3234B-4F0A-4FF4-AC35-0C0CC6CA88C5}.Debug|Any CPU.Build.0 = Debug|Any CPU
		{4CE3234B-4F0A-4FF4-AC35-0C0CC6CA88C5}.Release|Any CPU.ActiveCfg = Release|Any CPU
		{4CE3234B-4F0A-4FF4-AC35-0C0CC6CA88C5}.Release|Any CPU.Build.0 = Release|Any CPU
		{2160F2D6-B752-4830-90AB-76C5DC0B0506}.Debug|Any CPU.ActiveCfg = Debug|Any CPU
		{2160F2D6-B752-4830-90AB-76C5DC0B0506}.Debug|Any CPU.Build.0 = Debug|Any CPU
		{2160F2D6-B752-4830-90AB-76C5DC0B0506}.Release|Any CPU.ActiveCfg = Release|Any CPU
		{2160F2D6-B752-4830-90AB-76C5DC0B0506}.Release|Any CPU.Build.0 = Release|Any CPU
		{003CA63A-1089-4D49-A4D1-33985921B087}.Debug|Any CPU.ActiveCfg = Debug|Any CPU
		{003CA63A-1089-4D49-A4D1-33985921B087}.Debug|Any CPU.Build.0 = Debug|Any CPU
		{003CA63A-1089-4D49-A4D1-33985921B087}.Release|Any CPU.ActiveCfg = Release|Any CPU
		{003CA63A-1089-4D49-A4D1-33985921B087}.Release|Any CPU.Build.0 = Release|Any CPU
		{6D0BD83E-4F59-4C8F-A233-24A97FFC8F64}.Debug|Any CPU.ActiveCfg = Debug|Any CPU
		{6D0BD83E-4F59-4C8F-A233-24A97FFC8F64}.Debug|Any CPU.Build.0 = Debug|Any CPU
		{6D0BD83E-4F59-4C8F-A233-24A97FFC8F64}.Release|Any CPU.ActiveCfg = Release|Any CPU
		{6D0BD83E-4F59-4C8F-A233-24A97FFC8F64}.Release|Any CPU.Build.0 = Release|Any CPU
	EndGlobalSection
	GlobalSection(SolutionProperties) = preSolution
		HideSolutionNode = FALSE
	EndGlobalSection
	GlobalSection(NestedProjects) = preSolution
		{A54A020B-1E7F-4F57-8E31-B31623855349} = {9C1B26DB-FB35-434A-8D31-39B1A3D416F8}
		{4CE3234B-4F0A-4FF4-AC35-0C0CC6CA88C5} = {F6AB8CCD-D90A-4363-987D-F591BB74BED0}
		{2160F2D6-B752-4830-90AB-76C5DC0B0506} = {F37DF100-6A05-498D-A918-732306D462CC}
		{003CA63A-1089-4D49-A4D1-33985921B087} = {764478DF-3318-4D4C-AF75-4DD3ECCB2D22}
		{6D0BD83E-4F59-4C8F-A233-24A97FFC8F64} = {F6AB8CCD-D90A-4363-987D-F591BB74BED0}
	EndGlobalSection
EndGlobal
